
Microsoft Visual Studio Solution File, Format Version 12.00
# Visual Studio Version 17
VisualStudioVersion = 17.13.35931.197 d17.13
MinimumVisualStudioVersion = 10.0.40219.1
Project("{FAE04EC0-301F-11D3-BF4B-00C04F79EFBC}") = "MultiAssembly", "MultiAssembly\MultiAssembly.csproj", "{AEF614D0-BBE0-4CC7-AA70-A40087F711DC}"
EndProject
Global
	GlobalSection(SolutionConfigurationPlatforms) = preSolution
		Debug|Any CPU = Debug|Any CPU
		Release|Any CPU = Release|Any CPU
	EndGlobalSection
	GlobalSection(ProjectConfigurationPlatforms) = postSolution
		{AEF614D0-BBE0-4CC7-AA70-A40087F711DC}.Debug|Any CPU.ActiveCfg = Debug|Any CPU
		{AEF614D0-BBE0-4CC7-AA70-A40087F711DC}.Debug|Any CPU.Build.0 = Debug|Any CPU
		{AEF614D0-BBE0-4CC7-AA70-A40087F711DC}.Release|Any CPU.ActiveCfg = Release|Any CPU
		{AEF614D0-BBE0-4CC7-AA70-A40087F711DC}.Release|Any CPU.Build.0 = Release|Any CPU
	EndGlobalSection
	GlobalSection(SolutionProperties) = preSolution
		HideSolutionNode = FALSE
	EndGlobalSection
	GlobalSection(ExtensibilityGlobals) = postSolution
		SolutionGuid = {BD2463A3-5BA4-4563-9DD7-DA1EE64BA2D0}
	EndGlobalSection
EndGlobal
